// !$*UTF8*$!
{
	archiveVersion = 1;
	classes = {
	};
	objectVersion = 48;
	objects = {

/* Begin PBXBuildFile section */
		99B03FB21D9BEEB5007F57AF /* Taxonomy.swift in Sources */ = {isa = PBXBuildFile; fileRef = 99B03FAD1D9BEEB5007F57AF /* Taxonomy.swift */; };
		99B03FB31D9BEEB5007F57AF /* TaxonomyRequest.swift in Sources */ = {isa = PBXBuildFile; fileRef = 99B03FAE1D9BEEB5007F57AF /* TaxonomyRequest.swift */; };
		99B03FB41D9BEEB5007F57AF /* TaxonomyError.swift in Sources */ = {isa = PBXBuildFile; fileRef = 99B03FAF1D9BEEB5007F57AF /* TaxonomyError.swift */; };
		99B03FB51D9BEEB5007F57AF /* Taxon.swift in Sources */ = {isa = PBXBuildFile; fileRef = 99B03FB01D9BEEB5007F57AF /* Taxon.swift */; };
		99B03FB61D9BEEB5007F57AF /* TaxonLineageItem.swift in Sources */ = {isa = PBXBuildFile; fileRef = 99B03FB11D9BEEB5007F57AF /* TaxonLineageItem.swift */; };
		99B03FBC1D9BEEC3007F57AF /* MockURLSession.swift in Sources */ = {isa = PBXBuildFile; fileRef = 99B03FB71D9BEEC3007F57AF /* MockURLSession.swift */; };
		99B03FBD1D9BEEC3007F57AF /* TaxonLineageItemTests.swift in Sources */ = {isa = PBXBuildFile; fileRef = 99B03FB81D9BEEC3007F57AF /* TaxonLineageItemTests.swift */; };
		99B03FBE1D9BEEC3007F57AF /* TaxonTests.swift in Sources */ = {isa = PBXBuildFile; fileRef = 99B03FB91D9BEEC3007F57AF /* TaxonTests.swift */; };
		99B03FBF1D9BEEC3007F57AF /* FindIdentifiersTests.swift in Sources */ = {isa = PBXBuildFile; fileRef = 99B03FBA1D9BEEC3007F57AF /* FindIdentifiersTests.swift */; };
		99B03FC01D9BEEC3007F57AF /* TaxonomyTests.swift in Sources */ = {isa = PBXBuildFile; fileRef = 99B03FBB1D9BEEC3007F57AF /* TaxonomyTests.swift */; };
		99B03FC31D9BEF61007F57AF /* AEXML.framework in Frameworks */ = {isa = PBXBuildFile; fileRef = 99B03FC21D9BEF53007F57AF /* AEXML.framework */; };
		99B99B871D9C17E700F77893 /* SpellingTests.swift in Sources */ = {isa = PBXBuildFile; fileRef = 99B99B861D9C17E700F77893 /* SpellingTests.swift */; };
		99B99B891D9C1D6C00F77893 /* DownloadTests.swift in Sources */ = {isa = PBXBuildFile; fileRef = 99B99B881D9C1D6C00F77893 /* DownloadTests.swift */; };
		99CFC5CB1D9AB0FC00C8A415 /* TaxonomyKit.framework in Frameworks */ = {isa = PBXBuildFile; fileRef = 99CFC5C11D9AB0FC00C8A415 /* TaxonomyKit.framework */; };
		99CFC5D21D9AB0FC00C8A415 /* TaxonomyKit.h in Headers */ = {isa = PBXBuildFile; fileRef = 99CFC5C41D9AB0FC00C8A415 /* TaxonomyKit.h */; settings = {ATTRIBUTES = (Public, ); }; };
/* End PBXBuildFile section */

/* Begin PBXContainerItemProxy section */
		99CFC5CC1D9AB0FC00C8A415 /* PBXContainerItemProxy */ = {
			isa = PBXContainerItemProxy;
			containerPortal = 99CFC5B81D9AB0FC00C8A415 /* Project object */;
			proxyType = 1;
			remoteGlobalIDString = 99CFC5C01D9AB0FC00C8A415;
			remoteInfo = TaxonomyKit;
		};
/* End PBXContainerItemProxy section */

/* Begin PBXFileReference section */
		994A9B941DA7F94900A0796F /* .travis.yml */ = {isa = PBXFileReference; lastKnownFileType = text; path = .travis.yml; sourceTree = "<group>"; };
		994A9B951DA7F9CC00A0796F /* README.md */ = {isa = PBXFileReference; lastKnownFileType = net.daringfireball.markdown; path = README.md; sourceTree = "<group>"; };
		994A9B961DA7FBED00A0796F /* LICENSE.md */ = {isa = PBXFileReference; lastKnownFileType = net.daringfireball.markdown; path = LICENSE.md; sourceTree = "<group>"; };
		99B03FAC1D9BEE4D007F57AF /* cartfile */ = {isa = PBXFileReference; lastKnownFileType = text; path = cartfile; sourceTree = "<group>"; };
		99B03FAD1D9BEEB5007F57AF /* Taxonomy.swift */ = {isa = PBXFileReference; fileEncoding = 4; lastKnownFileType = sourcecode.swift; path = Taxonomy.swift; sourceTree = "<group>"; };
		99B03FAE1D9BEEB5007F57AF /* TaxonomyRequest.swift */ = {isa = PBXFileReference; fileEncoding = 4; lastKnownFileType = sourcecode.swift; path = TaxonomyRequest.swift; sourceTree = "<group>"; };
		99B03FAF1D9BEEB5007F57AF /* TaxonomyError.swift */ = {isa = PBXFileReference; fileEncoding = 4; lastKnownFileType = sourcecode.swift; path = TaxonomyError.swift; sourceTree = "<group>"; };
		99B03FB01D9BEEB5007F57AF /* Taxon.swift */ = {isa = PBXFileReference; fileEncoding = 4; lastKnownFileType = sourcecode.swift; path = Taxon.swift; sourceTree = "<group>"; };
		99B03FB11D9BEEB5007F57AF /* TaxonLineageItem.swift */ = {isa = PBXFileReference; fileEncoding = 4; lastKnownFileType = sourcecode.swift; path = TaxonLineageItem.swift; sourceTree = "<group>"; };
		99B03FB71D9BEEC3007F57AF /* MockURLSession.swift */ = {isa = PBXFileReference; fileEncoding = 4; lastKnownFileType = sourcecode.swift; path = MockURLSession.swift; sourceTree = "<group>"; };
		99B03FB81D9BEEC3007F57AF /* TaxonLineageItemTests.swift */ = {isa = PBXFileReference; fileEncoding = 4; lastKnownFileType = sourcecode.swift; path = TaxonLineageItemTests.swift; sourceTree = "<group>"; };
		99B03FB91D9BEEC3007F57AF /* TaxonTests.swift */ = {isa = PBXFileReference; fileEncoding = 4; lastKnownFileType = sourcecode.swift; path = TaxonTests.swift; sourceTree = "<group>"; };
		99B03FBA1D9BEEC3007F57AF /* FindIdentifiersTests.swift */ = {isa = PBXFileReference; fileEncoding = 4; lastKnownFileType = sourcecode.swift; path = FindIdentifiersTests.swift; sourceTree = "<group>"; };
		99B03FBB1D9BEEC3007F57AF /* TaxonomyTests.swift */ = {isa = PBXFileReference; fileEncoding = 4; lastKnownFileType = sourcecode.swift; path = TaxonomyTests.swift; sourceTree = "<group>"; };
		99B03FC21D9BEF53007F57AF /* AEXML.framework */ = {isa = PBXFileReference; lastKnownFileType = wrapper.framework; name = AEXML.framework; path = Carthage/Build/iOS/AEXML.framework; sourceTree = "<group>"; };
		99B99B861D9C17E700F77893 /* SpellingTests.swift */ = {isa = PBXFileReference; fileEncoding = 4; lastKnownFileType = sourcecode.swift; path = SpellingTests.swift; sourceTree = "<group>"; };
		99B99B881D9C1D6C00F77893 /* DownloadTests.swift */ = {isa = PBXFileReference; fileEncoding = 4; lastKnownFileType = sourcecode.swift; path = DownloadTests.swift; sourceTree = "<group>"; };
		99CFC5C11D9AB0FC00C8A415 /* TaxonomyKit.framework */ = {isa = PBXFileReference; explicitFileType = wrapper.framework; includeInIndex = 0; path = TaxonomyKit.framework; sourceTree = BUILT_PRODUCTS_DIR; };
		99CFC5C41D9AB0FC00C8A415 /* TaxonomyKit.h */ = {isa = PBXFileReference; lastKnownFileType = sourcecode.c.h; path = TaxonomyKit.h; sourceTree = "<group>"; };
		99CFC5C51D9AB0FC00C8A415 /* Info.plist */ = {isa = PBXFileReference; lastKnownFileType = text.plist.xml; path = Info.plist; sourceTree = "<group>"; };
		99CFC5CA1D9AB0FC00C8A415 /* TaxonomyKitTests.xctest */ = {isa = PBXFileReference; explicitFileType = wrapper.cfbundle; includeInIndex = 0; path = TaxonomyKitTests.xctest; sourceTree = BUILT_PRODUCTS_DIR; };
		99CFC5D11D9AB0FC00C8A415 /* Info.plist */ = {isa = PBXFileReference; lastKnownFileType = text.plist.xml; path = Info.plist; sourceTree = "<group>"; };
/* End PBXFileReference section */

/* Begin PBXFrameworksBuildPhase section */
		99CFC5BD1D9AB0FC00C8A415 /* Frameworks */ = {
			isa = PBXFrameworksBuildPhase;
			buildActionMask = 2147483647;
			files = (
				99B03FC31D9BEF61007F57AF /* AEXML.framework in Frameworks */,
			);
			runOnlyForDeploymentPostprocessing = 0;
		};
		99CFC5C71D9AB0FC00C8A415 /* Frameworks */ = {
			isa = PBXFrameworksBuildPhase;
			buildActionMask = 2147483647;
			files = (
				99CFC5CB1D9AB0FC00C8A415 /* TaxonomyKit.framework in Frameworks */,
			);
			runOnlyForDeploymentPostprocessing = 0;
		};
/* End PBXFrameworksBuildPhase section */

/* Begin PBXGroup section */
		99B03FC11D9BEF31007F57AF /* Dependencies */ = {
			isa = PBXGroup;
			children = (
				99B03FC21D9BEF53007F57AF /* AEXML.framework */,
			);
			name = Dependencies;
			sourceTree = "<group>";
		};
		99CFC5B71D9AB0FC00C8A415 = {
			isa = PBXGroup;
			children = (
				994A9B941DA7F94900A0796F /* .travis.yml */,
				99B03FAC1D9BEE4D007F57AF /* cartfile */,
				994A9B961DA7FBED00A0796F /* LICENSE.md */,
				994A9B951DA7F9CC00A0796F /* README.md */,
				99B03FC11D9BEF31007F57AF /* Dependencies */,
				99CFC5C31D9AB0FC00C8A415 /* TaxonomyKit */,
				99CFC5CE1D9AB0FC00C8A415 /* TaxonomyKitTests */,
				99CFC5C21D9AB0FC00C8A415 /* Products */,
			);
			sourceTree = "<group>";
		};
		99CFC5C21D9AB0FC00C8A415 /* Products */ = {
			isa = PBXGroup;
			children = (
				99CFC5C11D9AB0FC00C8A415 /* TaxonomyKit.framework */,
				99CFC5CA1D9AB0FC00C8A415 /* TaxonomyKitTests.xctest */,
			);
			name = Products;
			sourceTree = "<group>";
		};
		99CFC5C31D9AB0FC00C8A415 /* TaxonomyKit */ = {
			isa = PBXGroup;
			children = (
				99CFC5C41D9AB0FC00C8A415 /* TaxonomyKit.h */,
				99B03FAD1D9BEEB5007F57AF /* Taxonomy.swift */,
				99B03FAE1D9BEEB5007F57AF /* TaxonomyRequest.swift */,
				99B03FAF1D9BEEB5007F57AF /* TaxonomyError.swift */,
				99B03FB01D9BEEB5007F57AF /* Taxon.swift */,
				99B03FB11D9BEEB5007F57AF /* TaxonLineageItem.swift */,
				99CFC5C51D9AB0FC00C8A415 /* Info.plist */,
			);
			path = TaxonomyKit;
			sourceTree = "<group>";
		};
		99CFC5CE1D9AB0FC00C8A415 /* TaxonomyKitTests */ = {
			isa = PBXGroup;
			children = (
				99B03FB71D9BEEC3007F57AF /* MockURLSession.swift */,
				99B03FB81D9BEEC3007F57AF /* TaxonLineageItemTests.swift */,
				99B03FB91D9BEEC3007F57AF /* TaxonTests.swift */,
				99B03FBA1D9BEEC3007F57AF /* FindIdentifiersTests.swift */,
				99B99B861D9C17E700F77893 /* SpellingTests.swift */,
				99B99B881D9C1D6C00F77893 /* DownloadTests.swift */,
				99B03FBB1D9BEEC3007F57AF /* TaxonomyTests.swift */,
				99CFC5D11D9AB0FC00C8A415 /* Info.plist */,
			);
			path = TaxonomyKitTests;
			sourceTree = "<group>";
		};
/* End PBXGroup section */

/* Begin PBXHeadersBuildPhase section */
		99CFC5BE1D9AB0FC00C8A415 /* Headers */ = {
			isa = PBXHeadersBuildPhase;
			buildActionMask = 2147483647;
			files = (
				99CFC5D21D9AB0FC00C8A415 /* TaxonomyKit.h in Headers */,
			);
			runOnlyForDeploymentPostprocessing = 0;
		};
/* End PBXHeadersBuildPhase section */

/* Begin PBXNativeTarget section */
		99CFC5C01D9AB0FC00C8A415 /* TaxonomyKit */ = {
			isa = PBXNativeTarget;
			buildConfigurationList = 99CFC5D51D9AB0FC00C8A415 /* Build configuration list for PBXNativeTarget "TaxonomyKit" */;
			buildPhases = (
				99CFC5BC1D9AB0FC00C8A415 /* Sources */,
				99CFC5BD1D9AB0FC00C8A415 /* Frameworks */,
				99CFC5BE1D9AB0FC00C8A415 /* Headers */,
				994C527F1D9BF03A009AF4B7 /* Copy dependencies */,
			);
			buildRules = (
			);
			dependencies = (
			);
			name = TaxonomyKit;
			productName = TaxonomyKit;
			productReference = 99CFC5C11D9AB0FC00C8A415 /* TaxonomyKit.framework */;
			productType = "com.apple.product-type.framework";
		};
		99CFC5C91D9AB0FC00C8A415 /* TaxonomyKitTests */ = {
			isa = PBXNativeTarget;
			buildConfigurationList = 99CFC5D81D9AB0FC00C8A415 /* Build configuration list for PBXNativeTarget "TaxonomyKitTests" */;
			buildPhases = (
				99CFC5C61D9AB0FC00C8A415 /* Sources */,
				99CFC5C71D9AB0FC00C8A415 /* Frameworks */,
				99CFC5C81D9AB0FC00C8A415 /* Resources */,
			);
			buildRules = (
			);
			dependencies = (
				99CFC5CD1D9AB0FC00C8A415 /* PBXTargetDependency */,
			);
			name = TaxonomyKitTests;
			productName = TaxonomyKitTests;
			productReference = 99CFC5CA1D9AB0FC00C8A415 /* TaxonomyKitTests.xctest */;
			productType = "com.apple.product-type.bundle.unit-test";
		};
/* End PBXNativeTarget section */

/* Begin PBXProject section */
		99CFC5B81D9AB0FC00C8A415 /* Project object */ = {
			isa = PBXProject;
			attributes = {
				LastSwiftUpdateCheck = 0800;
				LastUpgradeCheck = 0800;
				ORGANIZATIONNAME = "Guillem Servera";
				TargetAttributes = {
					99CFC5C01D9AB0FC00C8A415 = {
						CreatedOnToolsVersion = 8.0;
						DevelopmentTeam = Q6R76RZ9Z8;
						ProvisioningStyle = Automatic;
					};
					99CFC5C91D9AB0FC00C8A415 = {
						CreatedOnToolsVersion = 8.0;
						DevelopmentTeam = Q6R76RZ9Z8;
						ProvisioningStyle = Automatic;
					};
				};
			};
			buildConfigurationList = 99CFC5BB1D9AB0FC00C8A415 /* Build configuration list for PBXProject "TaxonomyKit" */;
			compatibilityVersion = "Xcode 8.0";
			developmentRegion = English;
			hasScannedForEncodings = 0;
			knownRegions = (
				en,
			);
			mainGroup = 99CFC5B71D9AB0FC00C8A415;
			productRefGroup = 99CFC5C21D9AB0FC00C8A415 /* Products */;
			projectDirPath = "";
			projectRoot = "";
			targets = (
				99CFC5C01D9AB0FC00C8A415 /* TaxonomyKit */,
				99CFC5C91D9AB0FC00C8A415 /* TaxonomyKitTests */,
			);
		};
/* End PBXProject section */

/* Begin PBXResourcesBuildPhase section */
		99CFC5C81D9AB0FC00C8A415 /* Resources */ = {
			isa = PBXResourcesBuildPhase;
			buildActionMask = 2147483647;
			files = (
			);
			runOnlyForDeploymentPostprocessing = 0;
		};
/* End PBXResourcesBuildPhase section */

/* Begin PBXShellScriptBuildPhase section */
		994C527F1D9BF03A009AF4B7 /* Copy dependencies */ = {
			isa = PBXShellScriptBuildPhase;
			buildActionMask = 2147483647;
			files = (
			);
			inputPaths = (
			);
			name = "Copy dependencies";
			outputPaths = (
			);
			runOnlyForDeploymentPostprocessing = 0;
			shellPath = /bin/sh;
			shellScript = "echo $EFFECTIVE_PLATFORM_NAME\n\nfor path in $FRAMEWORK_SEARCH_PATHS\ndo\nif [ -d \"${path}/AEXML.framework\" ] && [[ $path == *\"Carthage\"* ]]; then\nexport SCRIPT_INPUT_FILE_COUNT=1\nexport SCRIPT_INPUT_FILE_0=\"${path}/AEXML.framework\"\n/usr/local/bin/carthage copy-frameworks\nbreak\nfi\ndone";
		};
/* End PBXShellScriptBuildPhase section */

/* Begin PBXSourcesBuildPhase section */
		99CFC5BC1D9AB0FC00C8A415 /* Sources */ = {
			isa = PBXSourcesBuildPhase;
			buildActionMask = 2147483647;
			files = (
				99B03FB61D9BEEB5007F57AF /* TaxonLineageItem.swift in Sources */,
				99B03FB51D9BEEB5007F57AF /* Taxon.swift in Sources */,
				99B03FB31D9BEEB5007F57AF /* TaxonomyRequest.swift in Sources */,
				99B03FB21D9BEEB5007F57AF /* Taxonomy.swift in Sources */,
				99B03FB41D9BEEB5007F57AF /* TaxonomyError.swift in Sources */,
			);
			runOnlyForDeploymentPostprocessing = 0;
		};
		99CFC5C61D9AB0FC00C8A415 /* Sources */ = {
			isa = PBXSourcesBuildPhase;
			buildActionMask = 2147483647;
			files = (
				99B99B891D9C1D6C00F77893 /* DownloadTests.swift in Sources */,
				99B03FBE1D9BEEC3007F57AF /* TaxonTests.swift in Sources */,
				99B03FBD1D9BEEC3007F57AF /* TaxonLineageItemTests.swift in Sources */,
				99B03FC01D9BEEC3007F57AF /* TaxonomyTests.swift in Sources */,
				99B99B871D9C17E700F77893 /* SpellingTests.swift in Sources */,
				99B03FBF1D9BEEC3007F57AF /* FindIdentifiersTests.swift in Sources */,
				99B03FBC1D9BEEC3007F57AF /* MockURLSession.swift in Sources */,
			);
			runOnlyForDeploymentPostprocessing = 0;
		};
/* End PBXSourcesBuildPhase section */

/* Begin PBXTargetDependency section */
		99CFC5CD1D9AB0FC00C8A415 /* PBXTargetDependency */ = {
			isa = PBXTargetDependency;
			target = 99CFC5C01D9AB0FC00C8A415 /* TaxonomyKit */;
			targetProxy = 99CFC5CC1D9AB0FC00C8A415 /* PBXContainerItemProxy */;
		};
/* End PBXTargetDependency section */

/* Begin XCBuildConfiguration section */
		99CFC5D31D9AB0FC00C8A415 /* Debug */ = {
			isa = XCBuildConfiguration;
			buildSettings = {
				ALWAYS_SEARCH_USER_PATHS = NO;
				CLANG_ANALYZER_NONNULL = YES;
				CLANG_CXX_LANGUAGE_STANDARD = "gnu++0x";
				CLANG_CXX_LIBRARY = "libc++";
				CLANG_ENABLE_MODULES = YES;
				CLANG_ENABLE_OBJC_ARC = YES;
				CLANG_WARN_BOOL_CONVERSION = YES;
				CLANG_WARN_CONSTANT_CONVERSION = YES;
				CLANG_WARN_DIRECT_OBJC_ISA_USAGE = YES_ERROR;
				CLANG_WARN_DOCUMENTATION_COMMENTS = YES;
				CLANG_WARN_EMPTY_BODY = YES;
				CLANG_WARN_ENUM_CONVERSION = YES;
				CLANG_WARN_INFINITE_RECURSION = YES;
				CLANG_WARN_INT_CONVERSION = YES;
				CLANG_WARN_OBJC_ROOT_CLASS = YES_ERROR;
				CLANG_WARN_SUSPICIOUS_MOVES = YES;
				CLANG_WARN_UNREACHABLE_CODE = YES;
				CLANG_WARN__DUPLICATE_METHOD_MATCH = YES;
				"CODE_SIGN_IDENTITY[sdk=iphoneos*]" = "iPhone Developer";
				COPY_PHASE_STRIP = NO;
				CURRENT_PROJECT_VERSION = 1;
				DEBUG_INFORMATION_FORMAT = dwarf;
				ENABLE_STRICT_OBJC_MSGSEND = YES;
				ENABLE_TESTABILITY = YES;
				GCC_C_LANGUAGE_STANDARD = gnu99;
				GCC_DYNAMIC_NO_PIC = NO;
				GCC_NO_COMMON_BLOCKS = YES;
				GCC_OPTIMIZATION_LEVEL = 0;
				GCC_PREPROCESSOR_DEFINITIONS = (
					"DEBUG=1",
					"$(inherited)",
				);
				GCC_WARN_64_TO_32_BIT_CONVERSION = YES;
				GCC_WARN_ABOUT_RETURN_TYPE = YES_ERROR;
				GCC_WARN_UNDECLARED_SELECTOR = YES;
				GCC_WARN_UNINITIALIZED_AUTOS = YES_AGGRESSIVE;
				GCC_WARN_UNUSED_FUNCTION = YES;
				GCC_WARN_UNUSED_VARIABLE = YES;
				IPHONEOS_DEPLOYMENT_TARGET = 10.0;
				MTL_ENABLE_DEBUG_INFO = YES;
				ONLY_ACTIVE_ARCH = YES;
				SDKROOT = iphoneos;
				SWIFT_ACTIVE_COMPILATION_CONDITIONS = DEBUG;
				SWIFT_OPTIMIZATION_LEVEL = "-Onone";
				TARGETED_DEVICE_FAMILY = "1,2,3,4";
				VERSIONING_SYSTEM = "apple-generic";
				VERSION_INFO_PREFIX = "";
			};
			name = Debug;
		};
		99CFC5D41D9AB0FC00C8A415 /* Release */ = {
			isa = XCBuildConfiguration;
			buildSettings = {
				ALWAYS_SEARCH_USER_PATHS = NO;
				CLANG_ANALYZER_NONNULL = YES;
				CLANG_CXX_LANGUAGE_STANDARD = "gnu++0x";
				CLANG_CXX_LIBRARY = "libc++";
				CLANG_ENABLE_MODULES = YES;
				CLANG_ENABLE_OBJC_ARC = YES;
				CLANG_WARN_BOOL_CONVERSION = YES;
				CLANG_WARN_CONSTANT_CONVERSION = YES;
				CLANG_WARN_DIRECT_OBJC_ISA_USAGE = YES_ERROR;
				CLANG_WARN_DOCUMENTATION_COMMENTS = YES;
				CLANG_WARN_EMPTY_BODY = YES;
				CLANG_WARN_ENUM_CONVERSION = YES;
				CLANG_WARN_INFINITE_RECURSION = YES;
				CLANG_WARN_INT_CONVERSION = YES;
				CLANG_WARN_OBJC_ROOT_CLASS = YES_ERROR;
				CLANG_WARN_SUSPICIOUS_MOVES = YES;
				CLANG_WARN_UNREACHABLE_CODE = YES;
				CLANG_WARN__DUPLICATE_METHOD_MATCH = YES;
				"CODE_SIGN_IDENTITY[sdk=iphoneos*]" = "iPhone Developer";
				COPY_PHASE_STRIP = NO;
				CURRENT_PROJECT_VERSION = 1;
				DEBUG_INFORMATION_FORMAT = "dwarf-with-dsym";
				"EFFECTIVE_PLATFORM_NAME[sdk=iphoneos*]" = "-iphoneos";
				ENABLE_NS_ASSERTIONS = NO;
				ENABLE_STRICT_OBJC_MSGSEND = YES;
				GCC_C_LANGUAGE_STANDARD = gnu99;
				GCC_NO_COMMON_BLOCKS = YES;
				GCC_WARN_64_TO_32_BIT_CONVERSION = YES;
				GCC_WARN_ABOUT_RETURN_TYPE = YES_ERROR;
				GCC_WARN_UNDECLARED_SELECTOR = YES;
				GCC_WARN_UNINITIALIZED_AUTOS = YES_AGGRESSIVE;
				GCC_WARN_UNUSED_FUNCTION = YES;
				GCC_WARN_UNUSED_VARIABLE = YES;
				IPHONEOS_DEPLOYMENT_TARGET = 10.0;
				MTL_ENABLE_DEBUG_INFO = NO;
				SDKROOT = iphoneos;
				SWIFT_OPTIMIZATION_LEVEL = "-Owholemodule";
				TARGETED_DEVICE_FAMILY = "1,2,3,4";
				VALIDATE_PRODUCT = YES;
				VERSIONING_SYSTEM = "apple-generic";
				VERSION_INFO_PREFIX = "";
			};
			name = Release;
		};
		99CFC5D61D9AB0FC00C8A415 /* Debug */ = {
			isa = XCBuildConfiguration;
			buildSettings = {
				CODE_SIGN_IDENTITY = "";
				DEFINES_MODULE = YES;
				DEVELOPMENT_TEAM = Q6R76RZ9Z8;
				DYLIB_COMPATIBILITY_VERSION = 1;
				DYLIB_CURRENT_VERSION = 1;
				DYLIB_INSTALL_NAME_BASE = "@rpath";
				"FRAMEWORK_SEARCH_PATHS[sdk=appletvos*]" = "$(SRCROOT)/Carthage/Build/tvOS";
				"FRAMEWORK_SEARCH_PATHS[sdk=appletvsimulator*]" = "$(SRCROOT)/Carthage/Build/tvOS";
				"FRAMEWORK_SEARCH_PATHS[sdk=iphoneos*]" = "$(SRCROOT)/Carthage/Build/iOS";
				"FRAMEWORK_SEARCH_PATHS[sdk=iphonesimulator*]" = "$(SRCROOT)/Carthage/Build/iOS";
				"FRAMEWORK_SEARCH_PATHS[sdk=macosx*]" = "$(SRCROOT)/Carthage/Build/Mac";
				"FRAMEWORK_SEARCH_PATHS[sdk=watchos*]" = "$(SRCROOT)/Carthage/Build/watchOS";
				"FRAMEWORK_SEARCH_PATHS[sdk=watchsimulator*]" = "$(SRCROOT)/Carthage/Build/watchOS";
				INFOPLIST_FILE = TaxonomyKit/Info.plist;
				INSTALL_PATH = "$(LOCAL_LIBRARY_DIR)/Frameworks";
				IPHONEOS_DEPLOYMENT_TARGET = 9.3;
				LD_RUNPATH_SEARCH_PATHS = "$(inherited) @executable_path/Frameworks @loader_path/Frameworks";
				MACOSX_DEPLOYMENT_TARGET = 10.11;
				PRODUCT_BUNDLE_IDENTIFIER = com.gservera.TaxonomyKit;
				PRODUCT_NAME = "$(TARGET_NAME)";
				SKIP_INSTALL = YES;
				SUPPORTED_PLATFORMS = "macosx iphoneos iphonesimulator appletvos appletvsimulator watchos watchsimulator";
				SWIFT_VERSION = 3.0;
				TARGETED_DEVICE_FAMILY = "1,2,3,4";
				TVOS_DEPLOYMENT_TARGET = 9.2;
				WATCHOS_DEPLOYMENT_TARGET = 2.0;
			};
			name = Debug;
		};
		99CFC5D71D9AB0FC00C8A415 /* Release */ = {
			isa = XCBuildConfiguration;
			buildSettings = {
				CODE_SIGN_IDENTITY = "";
				DEFINES_MODULE = YES;
				DEVELOPMENT_TEAM = Q6R76RZ9Z8;
				DYLIB_COMPATIBILITY_VERSION = 1;
				DYLIB_CURRENT_VERSION = 1;
				DYLIB_INSTALL_NAME_BASE = "@rpath";
				"FRAMEWORK_SEARCH_PATHS[sdk=appletvos*]" = "$(SRCROOT)/Carthage/Build/tvOS";
				"FRAMEWORK_SEARCH_PATHS[sdk=appletvsimulator*]" = "$(SRCROOT)/Carthage/Build/tvOS";
				"FRAMEWORK_SEARCH_PATHS[sdk=iphoneos*]" = "$(SRCROOT)/Carthage/Build/iOS";
				"FRAMEWORK_SEARCH_PATHS[sdk=iphonesimulator*]" = "$(SRCROOT)/Carthage/Build/iOS";
				"FRAMEWORK_SEARCH_PATHS[sdk=macosx*]" = "$(SRCROOT)/Carthage/Build/Mac";
				"FRAMEWORK_SEARCH_PATHS[sdk=watchos*]" = "$(SRCROOT)/Carthage/Build/watchOS";
				"FRAMEWORK_SEARCH_PATHS[sdk=watchsimulator*]" = "$(SRCROOT)/Carthage/Build/watchOS";
				INFOPLIST_FILE = TaxonomyKit/Info.plist;
				INSTALL_PATH = "$(LOCAL_LIBRARY_DIR)/Frameworks";
				IPHONEOS_DEPLOYMENT_TARGET = 9.3;
				LD_RUNPATH_SEARCH_PATHS = "$(inherited) @executable_path/Frameworks @loader_path/Frameworks";
				MACOSX_DEPLOYMENT_TARGET = 10.11;
				PRODUCT_BUNDLE_IDENTIFIER = com.gservera.TaxonomyKit;
				PRODUCT_NAME = "$(TARGET_NAME)";
				SKIP_INSTALL = YES;
				SUPPORTED_PLATFORMS = "macosx iphoneos iphonesimulator appletvos appletvsimulator watchos watchsimulator";
				SWIFT_VERSION = 3.0;
				TVOS_DEPLOYMENT_TARGET = 9.2;
				WATCHOS_DEPLOYMENT_TARGET = 2.0;
			};
			name = Release;
		};
		99CFC5D91D9AB0FC00C8A415 /* Debug */ = {
			isa = XCBuildConfiguration;
			buildSettings = {
				ALWAYS_EMBED_SWIFT_STANDARD_LIBRARIES = YES;
				DEVELOPMENT_TEAM = Q6R76RZ9Z8;
				INFOPLIST_FILE = TaxonomyKitTests/Info.plist;
				LD_RUNPATH_SEARCH_PATHS = "@executable_path/Frameworks @loader_path/Frameworks";
				"LD_RUNPATH_SEARCH_PATHS[sdk=macosx*]" = "@executable_path/../Frameworks @loader_path/../Frameworks";
				PRODUCT_BUNDLE_IDENTIFIER = com.gservera.TaxonomyKitTests;
				PRODUCT_NAME = "$(TARGET_NAME)";
				SWIFT_VERSION = 3.0;
			};
			name = Debug;
		};
		99CFC5DA1D9AB0FC00C8A415 /* Release */ = {
			isa = XCBuildConfiguration;
			buildSettings = {
				ALWAYS_EMBED_SWIFT_STANDARD_LIBRARIES = YES;
				DEVELOPMENT_TEAM = Q6R76RZ9Z8;
				INFOPLIST_FILE = TaxonomyKitTests/Info.plist;
				LD_RUNPATH_SEARCH_PATHS = "@executable_path/Frameworks @loader_path/Frameworks";
				"LD_RUNPATH_SEARCH_PATHS[sdk=macosx*]" = "@executable_path/../Frameworks @loader_path/../Frameworks";
				PRODUCT_BUNDLE_IDENTIFIER = com.gservera.TaxonomyKitTests;
				PRODUCT_NAME = "$(TARGET_NAME)";
				SWIFT_VERSION = 3.0;
			};
			name = Release;
		};
/* End XCBuildConfiguration section */

/* Begin XCConfigurationList section */
		99CFC5BB1D9AB0FC00C8A415 /* Build configuration list for PBXProject "TaxonomyKit" */ = {
			isa = XCConfigurationList;
			buildConfigurations = (
				99CFC5D31D9AB0FC00C8A415 /* Debug */,
				99CFC5D41D9AB0FC00C8A415 /* Release */,
			);
			defaultConfigurationIsVisible = 0;
			defaultConfigurationName = Release;
		};
		99CFC5D51D9AB0FC00C8A415 /* Build configuration list for PBXNativeTarget "TaxonomyKit" */ = {
			isa = XCConfigurationList;
			buildConfigurations = (
				99CFC5D61D9AB0FC00C8A415 /* Debug */,
				99CFC5D71D9AB0FC00C8A415 /* Release */,
			);
			defaultConfigurationIsVisible = 0;
			defaultConfigurationName = Release;
		};
		99CFC5D81D9AB0FC00C8A415 /* Build configuration list for PBXNativeTarget "TaxonomyKitTests" */ = {
			isa = XCConfigurationList;
			buildConfigurations = (
				99CFC5D91D9AB0FC00C8A415 /* Debug */,
				99CFC5DA1D9AB0FC00C8A415 /* Release */,
			);
			defaultConfigurationIsVisible = 0;
			defaultConfigurationName = Release;
		};
/* End XCConfigurationList section */
	};
	rootObject = 99CFC5B81D9AB0FC00C8A415 /* Project object */;
}
